
Microsoft Visual Studio Solution File, Format Version 12.00
# Visual Studio Version 16
VisualStudioVersion = 16.0.28803.352
MinimumVisualStudioVersion = 10.0.40219.1
Project("{2150E333-8FDC-42A3-9474-1A3956D46DE8}") = "10.Persitance", "10.Persitance", "{E9B90BBF-BA2C-44A1-8FB2-E77B82A4D4C8}"
EndProject
Project("{2150E333-8FDC-42A3-9474-1A3956D46DE8}") = "20.Business", "20.Business", "{D9C9DD0D-3EB6-4CDC-9302-37279A1B63B7}"
EndProject
Project("{2150E333-8FDC-42A3-9474-1A3956D46DE8}") = "30.Presentation", "30.Presentation", "{32B0B947-3C3C-4C8C-8693-EE4364DB8F34}"
EndProject
Project("{FAE04EC0-301F-11D3-BF4B-00C04F79EFBC}") = "Aanwezigheidslijst.EF", "Aanwezigheidslijst.EF\Aanwezigheidslijst.EF.csproj", "{FCA807A4-CE27-4BC9-A960-F5B9F43E601F}"
EndProject
Project("{FAE04EC0-301F-11D3-BF4B-00C04F79EFBC}") = "Aanwezigheidlijst.EF.MigrationConsole", "Aanwezigheidlijst.EF.MigrationConsole\Aanwezigheidlijst.EF.MigrationConsole.csproj", "{11C1AA2E-5CA5-42A5-BE0E-B9FABEFF95B9}"
EndProject
Project("{FAE04EC0-301F-11D3-BF4B-00C04F79EFBC}") = "Aanwezigheidslijst.ApplicationLogic", "Aanwezigheidslijst.ApplicationLogic\Aanwezigheidslijst.ApplicationLogic.csproj", "{E8FF5CD5-DC05-47E3-A116-F362BBDFDAD8}"
EndProject
Project("{FAE04EC0-301F-11D3-BF4B-00C04F79EFBC}") = "Aanwezigheidslijst.UWP", "Aanwezigheidslijst.UWP\Aanwezigheidslijst.UWP.csproj", "{4B9824B5-44C2-4AFF-BE01-FBF1A026F2C4}"
EndProject
Global
	GlobalSection(SolutionConfigurationPlatforms) = preSolution
		Debug|Any CPU = Debug|Any CPU
		Debug|ARM = Debug|ARM
		Debug|ARM64 = Debug|ARM64
		Debug|x64 = Debug|x64
		Debug|x86 = Debug|x86
		Release|Any CPU = Release|Any CPU
		Release|ARM = Release|ARM
		Release|ARM64 = Release|ARM64
		Release|x64 = Release|x64
		Release|x86 = Release|x86
	EndGlobalSection
	GlobalSection(ProjectConfigurationPlatforms) = postSolution
		{FCA807A4-CE27-4BC9-A960-F5B9F43E601F}.Debug|Any CPU.ActiveCfg = Debug|Any CPU
		{FCA807A4-CE27-4BC9-A960-F5B9F43E601F}.Debug|Any CPU.Build.0 = Debug|Any CPU
		{FCA807A4-CE27-4BC9-A960-F5B9F43E601F}.Debug|ARM.ActiveCfg = Debug|Any CPU
		{FCA807A4-CE27-4BC9-A960-F5B9F43E601F}.Debug|ARM.Build.0 = Debug|Any CPU
		{FCA807A4-CE27-4BC9-A960-F5B9F43E601F}.Debug|ARM64.ActiveCfg = Debug|Any CPU
		{FCA807A4-CE27-4BC9-A960-F5B9F43E601F}.Debug|ARM64.Build.0 = Debug|Any CPU
		{FCA807A4-CE27-4BC9-A960-F5B9F43E601F}.Debug|x64.ActiveCfg = Debug|Any CPU
		{FCA807A4-CE27-4BC9-A960-F5B9F43E601F}.Debug|x64.Build.0 = Debug|Any CPU
		{FCA807A4-CE27-4BC9-A960-F5B9F43E601F}.Debug|x86.ActiveCfg = Debug|Any CPU
		{FCA807A4-CE27-4BC9-A960-F5B9F43E601F}.Debug|x86.Build.0 = Debug|Any CPU
		{FCA807A4-CE27-4BC9-A960-F5B9F43E601F}.Release|Any CPU.ActiveCfg = Release|Any CPU
		{FCA807A4-CE27-4BC9-A960-F5B9F43E601F}.Release|Any CPU.Build.0 = Release|Any CPU
		{FCA807A4-CE27-4BC9-A960-F5B9F43E601F}.Release|ARM.ActiveCfg = Release|Any CPU
		{FCA807A4-CE27-4BC9-A960-F5B9F43E601F}.Release|ARM.Build.0 = Release|Any CPU
		{FCA807A4-CE27-4BC9-A960-F5B9F43E601F}.Release|ARM64.ActiveCfg = Release|Any CPU
		{FCA807A4-CE27-4BC9-A960-F5B9F43E601F}.Release|ARM64.Build.0 = Release|Any CPU
		{FCA807A4-CE27-4BC9-A960-F5B9F43E601F}.Release|x64.ActiveCfg = Release|Any CPU
		{FCA807A4-CE27-4BC9-A960-F5B9F43E601F}.Release|x64.Build.0 = Release|Any CPU
		{FCA807A4-CE27-4BC9-A960-F5B9F43E601F}.Release|x86.ActiveCfg = Release|Any CPU
		{FCA807A4-CE27-4BC9-A960-F5B9F43E601F}.Release|x86.Build.0 = Release|Any CPU
		{11C1AA2E-5CA5-42A5-BE0E-B9FABEFF95B9}.Debug|Any CPU.ActiveCfg = Debug|Any CPU
		{11C1AA2E-5CA5-42A5-BE0E-B9FABEFF95B9}.Debug|Any CPU.Build.0 = Debug|Any CPU
		{11C1AA2E-5CA5-42A5-BE0E-B9FABEFF95B9}.Debug|ARM.ActiveCfg = Debug|Any CPU
		{11C1AA2E-5CA5-42A5-BE0E-B9FABEFF95B9}.Debug|ARM.Build.0 = Debug|Any CPU
		{11C1AA2E-5CA5-42A5-BE0E-B9FABEFF95B9}.Debug|ARM64.ActiveCfg = Debug|Any CPU
		{11C1AA2E-5CA5-42A5-BE0E-B9FABEFF95B9}.Debug|ARM64.Build.0 = Debug|Any CPU
		{11C1AA2E-5CA5-42A5-BE0E-B9FABEFF95B9}.Debug|x64.ActiveCfg = Debug|Any CPU
		{11C1AA2E-5CA5-42A5-BE0E-B9FABEFF95B9}.Debug|x64.Build.0 = Debug|Any CPU
		{11C1AA2E-5CA5-42A5-BE0E-B9FABEFF95B9}.Debug|x86.ActiveCfg = Debug|Any CPU
		{11C1AA2E-5CA5-42A5-BE0E-B9FABEFF95B9}.Debug|x86.Build.0 = Debug|Any CPU
		{11C1AA2E-5CA5-42A5-BE0E-B9FABEFF95B9}.Release|Any CPU.ActiveCfg = Release|Any CPU
		{11C1AA2E-5CA5-42A5-BE0E-B9FABEFF95B9}.Release|Any CPU.Build.0 = Release|Any CPU
		{11C1AA2E-5CA5-42A5-BE0E-B9FABEFF95B9}.Release|ARM.ActiveCfg = Release|Any CPU
		{11C1AA2E-5CA5-42A5-BE0E-B9FABEFF95B9}.Release|ARM.Build.0 = Release|Any CPU
		{11C1AA2E-5CA5-42A5-BE0E-B9FABEFF95B9}.Release|ARM64.ActiveCfg = Release|Any CPU
		{11C1AA2E-5CA5-42A5-BE0E-B9FABEFF95B9}.Release|ARM64.Build.0 = Release|Any CPU
		{11C1AA2E-5CA5-42A5-BE0E-B9FABEFF95B9}.Release|x64.ActiveCfg = Release|Any CPU
		{11C1AA2E-5CA5-42A5-BE0E-B9FABEFF95B9}.Release|x64.Build.0 = Release|Any CPU
		{11C1AA2E-5CA5-42A5-BE0E-B9FABEFF95B9}.Release|x86.ActiveCfg = Release|Any CPU
		{11C1AA2E-5CA5-42A5-BE0E-B9FABEFF95B9}.Release|x86.Build.0 = Release|Any CPU
		{E8FF5CD5-DC05-47E3-A116-F362BBDFDAD8}.Debug|Any CPU.ActiveCfg = Debug|Any CPU
		{E8FF5CD5-DC05-47E3-A116-F362BBDFDAD8}.Debug|Any CPU.Build.0 = Debug|Any CPU
		{E8FF5CD5-DC05-47E3-A116-F362BBDFDAD8}.Debug|ARM.ActiveCfg = Debug|Any CPU
		{E8FF5CD5-DC05-47E3-A116-F362BBDFDAD8}.Debug|ARM.Build.0 = Debug|Any CPU
		{E8FF5CD5-DC05-47E3-A116-F362BBDFDAD8}.Debug|ARM64.ActiveCfg = Debug|Any CPU
		{E8FF5CD5-DC05-47E3-A116-F362BBDFDAD8}.Debug|ARM64.Build.0 = Debug|Any CPU
		{E8FF5CD5-DC05-47E3-A116-F362BBDFDAD8}.Debug|x64.ActiveCfg = Debug|Any CPU
		{E8FF5CD5-DC05-47E3-A116-F362BBDFDAD8}.Debug|x64.Build.0 = Debug|Any CPU
		{E8FF5CD5-DC05-47E3-A116-F362BBDFDAD8}.Debug|x86.ActiveCfg = Debug|Any CPU
		{E8FF5CD5-DC05-47E3-A116-F362BBDFDAD8}.Debug|x86.Build.0 = Debug|Any CPU
		{E8FF5CD5-DC05-47E3-A116-F362BBDFDAD8}.Release|Any CPU.ActiveCfg = Release|Any CPU
		{E8FF5CD5-DC05-47E3-A116-F362BBDFDAD8}.Release|Any CPU.Build.0 = Release|Any CPU
		{E8FF5CD5-DC05-47E3-A116-F362BBDFDAD8}.Release|ARM.ActiveCfg = Release|Any CPU
		{E8FF5CD5-DC05-47E3-A116-F362BBDFDAD8}.Release|ARM.Build.0 = Release|Any CPU
		{E8FF5CD5-DC05-47E3-A116-F362BBDFDAD8}.Release|ARM64.ActiveCfg = Release|Any CPU
		{E8FF5CD5-DC05-47E3-A116-F362BBDFDAD8}.Release|ARM64.Build.0 = Release|Any CPU
		{E8FF5CD5-DC05-47E3-A116-F362BBDFDAD8}.Release|x64.ActiveCfg = Release|Any CPU
		{E8FF5CD5-DC05-47E3-A116-F362BBDFDAD8}.Release|x64.Build.0 = Release|Any CPU
		{E8FF5CD5-DC05-47E3-A116-F362BBDFDAD8}.Release|x86.ActiveCfg = Release|Any CPU
		{E8FF5CD5-DC05-47E3-A116-F362BBDFDAD8}.Release|x86.Build.0 = Release|Any CPU
		{4B9824B5-44C2-4AFF-BE01-FBF1A026F2C4}.Debug|Any CPU.ActiveCfg = Debug|x86
		{4B9824B5-44C2-4AFF-BE01-FBF1A026F2C4}.Debug|ARM.ActiveCfg = Debug|ARM
		{4B9824B5-44C2-4AFF-BE01-FBF1A026F2C4}.Debug|ARM.Build.0 = Debug|ARM
		{4B9824B5-44C2-4AFF-BE01-FBF1A026F2C4}.Debug|ARM.Deploy.0 = Debug|ARM
		{4B9824B5-44C2-4AFF-BE01-FBF1A026F2C4}.Debug|ARM64.ActiveCfg = Debug|ARM64
		{4B9824B5-44C2-4AFF-BE01-FBF1A026F2C4}.Debug|ARM64.Build.0 = Debug|ARM64
		{4B9824B5-44C2-4AFF-BE01-FBF1A026F2C4}.Debug|ARM64.Deploy.0 = Debug|ARM64
		{4B9824B5-44C2-4AFF-BE01-FBF1A026F2C4}.Debug|x64.ActiveCfg = Debug|x64
		{4B9824B5-44C2-4AFF-BE01-FBF1A026F2C4}.Debug|x64.Build.0 = Debug|x64
		{4B9824B5-44C2-4AFF-BE01-FBF1A026F2C4}.Debug|x64.Deploy.0 = Debug|x64
		{4B9824B5-44C2-4AFF-BE01-FBF1A026F2C4}.Debug|x86.ActiveCfg = Debug|x86
		{4B9824B5-44C2-4AFF-BE01-FBF1A026F2C4}.Debug|x86.Build.0 = Debug|x86
		{4B9824B5-44C2-4AFF-BE01-FBF1A026F2C4}.Debug|x86.Deploy.0 = Debug|x86
		{4B9824B5-44C2-4AFF-BE01-FBF1A026F2C4}.Release|Any CPU.ActiveCfg = Release|x86
		{4B9824B5-44C2-4AFF-BE01-FBF1A026F2C4}.Release|ARM.ActiveCfg = Release|ARM
		{4B9824B5-44C2-4AFF-BE01-FBF1A026F2C4}.Release|ARM.Build.0 = Release|ARM
		{4B9824B5-44C2-4AFF-BE01-FBF1A026F2C4}.Release|ARM.Deploy.0 = Release|ARM
		{4B9824B5-44C2-4AFF-BE01-FBF1A026F2C4}.Release|ARM64.ActiveCfg = Release|ARM64
		{4B9824B5-44C2-4AFF-BE01-FBF1A026F2C4}.Release|ARM64.Build.0 = Release|ARM64
		{4B9824B5-44C2-4AFF-BE01-FBF1A026F2C4}.Release|ARM64.Deploy.0 = Release|ARM64
		{4B9824B5-44C2-4AFF-BE01-FBF1A026F2C4}.Release|x64.ActiveCfg = Release|x64
		{4B9824B5-44C2-4AFF-BE01-FBF1A026F2C4}.Release|x64.Build.0 = Release|x64
		{4B9824B5-44C2-4AFF-BE01-FBF1A026F2C4}.Release|x64.Deploy.0 = Release|x64
		{4B9824B5-44C2-4AFF-BE01-FBF1A026F2C4}.Release|x86.ActiveCfg = Release|x86
		{4B9824B5-44C2-4AFF-BE01-FBF1A026F2C4}.Release|x86.Build.0 = Release|x86
		{4B9824B5-44C2-4AFF-BE01-FBF1A026F2C4}.Release|x86.Deploy.0 = Release|x86
	EndGlobalSection
	GlobalSection(SolutionProperties) = preSolution
		HideSolutionNode = FALSE
	EndGlobalSection
	GlobalSection(NestedProjects) = preSolution
		{FCA807A4-CE27-4BC9-A960-F5B9F43E601F} = {E9B90BBF-BA2C-44A1-8FB2-E77B82A4D4C8}
		{11C1AA2E-5CA5-42A5-BE0E-B9FABEFF95B9} = {E9B90BBF-BA2C-44A1-8FB2-E77B82A4D4C8}
		{E8FF5CD5-DC05-47E3-A116-F362BBDFDAD8} = {D9C9DD0D-3EB6-4CDC-9302-37279A1B63B7}
		{4B9824B5-44C2-4AFF-BE01-FBF1A026F2C4} = {32B0B947-3C3C-4C8C-8693-EE4364DB8F34}
	EndGlobalSection
	GlobalSection(ExtensibilityGlobals) = postSolution
		SolutionGuid = {56F71C83-E03D-4A4B-8546-2B01DD5CF9B9}
	EndGlobalSection
EndGlobal
